
Microsoft Visual Studio Solution File, Format Version 12.00
# Visual Studio Version 17
VisualStudioVersion = 17.8.34309.116
MinimumVisualStudioVersion = 10.0.40219.1
Project("{9A19103F-16F7-4668-BE54-9A1E7A4F7556}") = "PeliculasAPI", "PeliculasAPI\PeliculasAPI.csproj", "{175068E9-DE1C-4D36-A5C8-3946D07462E5}"
EndProject
Project("{FAE04EC0-301F-11D3-BF4B-00C04F79EFBC}") = "PeliculasAPI.Tests", "PeliculasAPI.Tests\PeliculasAPI.Tests.csproj", "{1CEC3AB6-0E1E-4851-8858-8271D66CBD7E}"
EndProject
Global
	GlobalSection(SolutionConfigurationPlatforms) = preSolution
		Debug|Any CPU = Debug|Any CPU
		Release|Any CPU = Release|Any CPU
	EndGlobalSection
	GlobalSection(ProjectConfigurationPlatforms) = postSolution
		{175068E9-DE1C-4D36-A5C8-3946D07462E5}.Debug|Any CPU.ActiveCfg = Debug|Any CPU
		{175068E9-DE1C-4D36-A5C8-3946D07462E5}.Debug|Any CPU.Build.0 = Debug|Any CPU
		{175068E9-DE1C-4D36-A5C8-3946D07462E5}.Release|Any CPU.ActiveCfg = Release|Any CPU
		{175068E9-DE1C-4D36-A5C8-3946D07462E5}.Release|Any CPU.Build.0 = Release|Any CPU
		{1CEC3AB6-0E1E-4851-8858-8271D66CBD7E}.Debug|Any CPU.ActiveCfg = Debug|Any CPU
		{1CEC3AB6-0E1E-4851-8858-8271D66CBD7E}.Debug|Any CPU.Build.0 = Debug|Any CPU
		{1CEC3AB6-0E1E-4851-8858-8271D66CBD7E}.Release|Any CPU.ActiveCfg = Release|Any CPU
		{1CEC3AB6-0E1E-4851-8858-8271D66CBD7E}.Release|Any CPU.Build.0 = Release|Any CPU
	EndGlobalSection
	GlobalSection(SolutionProperties) = preSolution
		HideSolutionNode = FALSE
	EndGlobalSection
	GlobalSection(ExtensibilityGlobals) = postSolution
		SolutionGuid = {6D324B23-B43B-4419-A9F8-FA3C1F61FE3B}
	EndGlobalSection
EndGlobal
